# Arthur Known-Good Fast Lane v1.0
# Frozen from the source/feed state used by the 2026-08-25 build lineage.
# Do not move these refs during baseline stabilization. Change one source at a time only after a 22/22 Known-Good build exists.

IMMORTALWRT_REF="27e26e324bee0b0c2a4eb58e2e9121fea5d43194"
PACKAGES_REF="a874f8aabbf21af382a6bab90d300e50ebccadb0"
LUCI_REF="5eb439f0f87e125cf0c2ffcbecffa79e4c7c441b"
ROUTING_REF="4b9891b9136259f93294a424507ed24c5e8c1cbd"
TELEPHONY_REF="5d68d53c160a325ea9d03fce393e051573bcc736"
VIDEO_REF="869191848d30ae71b4bf34feaabc0dd4e4776432"

KENZOK8_REF="69eb1427dc5cfcc58fd97ff00e2a1be52fb4d478"
ISTORE_REF="e481cfe5a9632190393ae95dda774d379f4d7e88"
DISKMAN_REF="be87fcb92c472821bcedbefbfc8b7e8d9e039449"
EASYTIER_REF="5a6040b44bcc516c85e9eb3f79e2ddeb8830bcf1"
MOSDNS_REF="06a1f08f07aec8eee794f4935c612d0a85248f06"
V2RAY_GEODATA_REF="2e3845caae172326f02b3406048c7a3613f3dee5"
OPENCLASH_REF="c3a33c1d3407956fdf8f0e0b7c1a4c52e6ad9593"
OPENAPPFILTER_REF="a189ad85e8fb461318533941963f0e2975274a19"
