# Mature UI production build source pins kept separate from the immutable
# Arthur Known-Good firmware refs. The AdGuard ref must match
# production/mature-ui-sources.json; QuickStart frontend/backend revisions are
# paired and must not float to branch tips.
ADGUARD_MATURE_REF="743bb3ad87a7b97fd440d8e334832e25d4f678e0"
ISTORE_QUICKSTART_LUCI_REPO="https://github.com/linkease/nas-packages-luci.git"
ISTORE_QUICKSTART_LUCI_REF="8aa8467aabe86f1cf8d23fdb6b0cdd2ef14d2449"
ISTORE_QUICKSTART_LUCI_LICENSE="Apache-2.0"
ISTORE_QUICKSTART_REPO="https://github.com/linkease/nas-packages.git"
ISTORE_QUICKSTART_REF="0c789dc2b88f684476f6174201105da6ca6f5133"
ISTORE_QUICKSTART_LICENSE="GPL-3.0-only"
